
Microsoft Visual Studio Solution File, Format Version 12.00
# Visual Studio 15
VisualStudioVersion = 15.0.27004.2010
MinimumVisualStudioVersion = 10.0.40219.1
Project("{9A19103F-16F7-4668-BE54-9A1E7A4F7556}") = "SimpleApplication", "SimpleApplication\SimpleApplication.csproj", "{8669DC70-1725-42C1-9AF0-4EE1D2B484A1}"
EndProject
Project("{FAE04EC0-301F-11D3-BF4B-00C04F79EFBC}") = "UnitTests", "UnitTests\UnitTests.csproj", "{C8A70B0F-D6FC-4473-B463-EB9E7D97A706}"
EndProject
Global
	GlobalSection(SolutionConfigurationPlatforms) = preSolution
		Debug|Any CPU = Debug|Any CPU
		Release|Any CPU = Release|Any CPU
	EndGlobalSection
	GlobalSection(ProjectConfigurationPlatforms) = postSolution
		{8669DC70-1725-42C1-9AF0-4EE1D2B484A1}.Debug|Any CPU.ActiveCfg = Debug|Any CPU
		{8669DC70-1725-42C1-9AF0-4EE1D2B484A1}.Debug|Any CPU.Build.0 = Debug|Any CPU
		{8669DC70-1725-42C1-9AF0-4EE1D2B484A1}.Release|Any CPU.ActiveCfg = Release|Any CPU
		{8669DC70-1725-42C1-9AF0-4EE1D2B484A1}.Release|Any CPU.Build.0 = Release|Any CPU
		{C8A70B0F-D6FC-4473-B463-EB9E7D97A706}.Debug|Any CPU.ActiveCfg = Debug|Any CPU
		{C8A70B0F-D6FC-4473-B463-EB9E7D97A706}.Debug|Any CPU.Build.0 = Debug|Any CPU
		{C8A70B0F-D6FC-4473-B463-EB9E7D97A706}.Release|Any CPU.ActiveCfg = Release|Any CPU
		{C8A70B0F-D6FC-4473-B463-EB9E7D97A706}.Release|Any CPU.Build.0 = Release|Any CPU
	EndGlobalSection
	GlobalSection(SolutionProperties) = preSolution
		HideSolutionNode = FALSE
	EndGlobalSection
	GlobalSection(ExtensibilityGlobals) = postSolution
		SolutionGuid = {A13D15B0-63AA-49F3-84D6-8D40772902E2}
	EndGlobalSection
EndGlobal
